
Microsoft Visual Studio Solution File, Format Version 12.00
# Visual Studio 15
VisualStudioVersion = 15.0.27703.2042
MinimumVisualStudioVersion = 10.0.40219.1
Project("{9A19103F-16F7-4668-BE54-9A1E7A4F7556}") = "API", "API\API.csproj", "{9F7DCC4F-FC74-4B0F-9246-087C6134CACB}"
EndProject
Project("{9A19103F-16F7-4668-BE54-9A1E7A4F7556}") = "API.IntegrationTest", "API.IntegrationTest\API.IntegrationTest.csproj", "{AEB566DA-F2AA-4FF5-9041-5C8F2A394CEF}"
EndProject
Global
	GlobalSection(SolutionConfigurationPlatforms) = preSolution
		Debug|Any CPU = Debug|Any CPU
		Release|Any CPU = Release|Any CPU
	EndGlobalSection
	GlobalSection(ProjectConfigurationPlatforms) = postSolution
		{9F7DCC4F-FC74-4B0F-9246-087C6134CACB}.Debug|Any CPU.ActiveCfg = Debug|Any CPU
		{9F7DCC4F-FC74-4B0F-9246-087C6134CACB}.Debug|Any CPU.Build.0 = Debug|Any CPU
		{9F7DCC4F-FC74-4B0F-9246-087C6134CACB}.Release|Any CPU.ActiveCfg = Release|Any CPU
		{9F7DCC4F-FC74-4B0F-9246-087C6134CACB}.Release|Any CPU.Build.0 = Release|Any CPU
		{AEB566DA-F2AA-4FF5-9041-5C8F2A394CEF}.Debug|Any CPU.ActiveCfg = Debug|Any CPU
		{AEB566DA-F2AA-4FF5-9041-5C8F2A394CEF}.Debug|Any CPU.Build.0 = Debug|Any CPU
		{AEB566DA-F2AA-4FF5-9041-5C8F2A394CEF}.Release|Any CPU.ActiveCfg = Release|Any CPU
		{AEB566DA-F2AA-4FF5-9041-5C8F2A394CEF}.Release|Any CPU.Build.0 = Release|Any CPU
	EndGlobalSection
	GlobalSection(SolutionProperties) = preSolution
		HideSolutionNode = FALSE
	EndGlobalSection
	GlobalSection(ExtensibilityGlobals) = postSolution
		SolutionGuid = {CEC6087F-EA72-4869-80CD-7B66FEA5273A}
	EndGlobalSection
EndGlobal
